
Microsoft Visual Studio Solution File, Format Version 12.00
# Visual Studio Version 17
VisualStudioVersion = 17.6.33829.357
MinimumVisualStudioVersion = 10.0.40219.1
Project("{FAE04EC0-301F-11D3-BF4B-00C04F79EFBC}") = "BookStoreWebApi", "BookStoreWebApi\BookStoreWebApi.csproj", "{E0BA9300-0709-4E50-8D80-727C6F5B978A}"
EndProject
Global
	GlobalSection(SolutionConfigurationPlatforms) = preSolution
		Debug|Any CPU = Debug|Any CPU
		Release|Any CPU = Release|Any CPU
	EndGlobalSection
	GlobalSection(ProjectConfigurationPlatforms) = postSolution
		{E0BA9300-0709-4E50-8D80-727C6F5B978A}.Debug|Any CPU.ActiveCfg = Debug|Any CPU
		{E0BA9300-0709-4E50-8D80-727C6F5B978A}.Debug|Any CPU.Build.0 = Debug|Any CPU
		{E0BA9300-0709-4E50-8D80-727C6F5B978A}.Release|Any CPU.ActiveCfg = Release|Any CPU
		{E0BA9300-0709-4E50-8D80-727C6F5B978A}.Release|Any CPU.Build.0 = Release|Any CPU
	EndGlobalSection
	GlobalSection(SolutionProperties) = preSolution
		HideSolutionNode = FALSE
	EndGlobalSection
	GlobalSection(ExtensibilityGlobals) = postSolution
		SolutionGuid = {58203968-A7BA-4226-B4BC-60FF87C52414}
	EndGlobalSection
EndGlobal
